
Microsoft Visual Studio Solution File, Format Version 12.00
# Visual Studio Version 16
VisualStudioVersion = 16.0.29613.14
MinimumVisualStudioVersion = 10.0.40219.1
Project("{888888A0-9F3D-457C-B088-3A5042F75D52}") = "epochToHumanTime", "epochToHumanTime\epochToHumanTime.pyproj", "{9E9BA4DC-1B2B-49B8-B179-C77E525262EA}"
EndProject
Global
	GlobalSection(SolutionConfigurationPlatforms) = preSolution
		Debug|Any CPU = Debug|Any CPU
		Release|Any CPU = Release|Any CPU
	EndGlobalSection
	GlobalSection(ProjectConfigurationPlatforms) = postSolution
		{9E9BA4DC-1B2B-49B8-B179-C77E525262EA}.Debug|Any CPU.ActiveCfg = Debug|Any CPU
		{9E9BA4DC-1B2B-49B8-B179-C77E525262EA}.Release|Any CPU.ActiveCfg = Release|Any CPU
	EndGlobalSection
	GlobalSection(SolutionProperties) = preSolution
		HideSolutionNode = FALSE
	EndGlobalSection
	GlobalSection(ExtensibilityGlobals) = postSolution
		SolutionGuid = {84EC2C00-D55C-4AF9-958A-3206E18386EB}
	EndGlobalSection
EndGlobal
